
Microsoft Visual Studio Solution File, Format Version 12.00
# Visual Studio Version 16
VisualStudioVersion = 16.0.30320.27
MinimumVisualStudioVersion = 10.0.40219.1
Project("{FAE04EC0-301F-11D3-BF4B-00C04F79EFBC}") = "CharacterLibrary", "CharacterLibrary\CharacterLibrary.csproj", "{C10F7E58-2409-497D-91BB-BF8500AF2FCF}"
EndProject
Project("{FAE04EC0-301F-11D3-BF4B-00C04F79EFBC}") = "CreatorUI", "CreatorUI\CreatorUI.csproj", "{39758FED-089F-46F5-9421-28FF78FEDA25}"
EndProject
Global
	GlobalSection(SolutionConfigurationPlatforms) = preSolution
		Debug|Any CPU = Debug|Any CPU
		Release|Any CPU = Release|Any CPU
	EndGlobalSection
	GlobalSection(ProjectConfigurationPlatforms) = postSolution
		{C10F7E58-2409-497D-91BB-BF8500AF2FCF}.Debug|Any CPU.ActiveCfg = Debug|Any CPU
		{C10F7E58-2409-497D-91BB-BF8500AF2FCF}.Debug|Any CPU.Build.0 = Debug|Any CPU
		{C10F7E58-2409-497D-91BB-BF8500AF2FCF}.Release|Any CPU.ActiveCfg = Release|Any CPU
		{C10F7E58-2409-497D-91BB-BF8500AF2FCF}.Release|Any CPU.Build.0 = Release|Any CPU
		{39758FED-089F-46F5-9421-28FF78FEDA25}.Debug|Any CPU.ActiveCfg = Debug|Any CPU
		{39758FED-089F-46F5-9421-28FF78FEDA25}.Debug|Any CPU.Build.0 = Debug|Any CPU
		{39758FED-089F-46F5-9421-28FF78FEDA25}.Release|Any CPU.ActiveCfg = Release|Any CPU
		{39758FED-089F-46F5-9421-28FF78FEDA25}.Release|Any CPU.Build.0 = Release|Any CPU
	EndGlobalSection
	GlobalSection(SolutionProperties) = preSolution
		HideSolutionNode = FALSE
	EndGlobalSection
	GlobalSection(ExtensibilityGlobals) = postSolution
		SolutionGuid = {D30E25BE-7774-4464-9147-AE41D88D2A4F}
	EndGlobalSection
EndGlobal
